
Microsoft Visual Studio Solution File, Format Version 12.00
# Visual Studio Version 17
VisualStudioVersion = 17.10.35201.131
MinimumVisualStudioVersion = 10.0.40219.1
Project("{9A19103F-16F7-4668-BE54-9A1E7A4F7556}") = "ServiceWorkerCronJobDemo", "ServiceWorkerCronJobDemo.csproj", "{B786C54A-DF62-4197-AD68-3CFE5ED319F8}"
EndProject
Global
	GlobalSection(SolutionConfigurationPlatforms) = preSolution
		Debug|Any CPU = Debug|Any CPU
		Release|Any CPU = Release|Any CPU
	EndGlobalSection
	GlobalSection(ProjectConfigurationPlatforms) = postSolution
		{B786C54A-DF62-4197-AD68-3CFE5ED319F8}.Debug|Any CPU.ActiveCfg = Debug|Any CPU
		{B786C54A-DF62-4197-AD68-3CFE5ED319F8}.Debug|Any CPU.Build.0 = Debug|Any CPU
		{B786C54A-DF62-4197-AD68-3CFE5ED319F8}.Release|Any CPU.ActiveCfg = Release|Any CPU
		{B786C54A-DF62-4197-AD68-3CFE5ED319F8}.Release|Any CPU.Build.0 = Release|Any CPU
	EndGlobalSection
	GlobalSection(SolutionProperties) = preSolution
		HideSolutionNode = FALSE
	EndGlobalSection
	GlobalSection(ExtensibilityGlobals) = postSolution
		SolutionGuid = {F6E930E8-76BF-4B3A-8943-2F1B588A73C4}
	EndGlobalSection
EndGlobal
